<Solution>
  <Configurations>
    <Platform Name="Any CPU" />
    <Platform Name="x64" />
    <Platform Name="x86" />
  </Configurations>
  <Project Path="PA.csproj" Id="f9b4b99e-fa79-4b58-b3f6-9b6c68126e15">
    <Platform Solution="*|x64" Project="x64" />
    <Platform Solution="Debug|x86" Project="x86" />
  </Project>
</Solution>
